{
  "name": "Assets",
  "version": "1.0.0",
  "lockfileVersion": 1,
  "requires": true,
  "dependencies": {
    "com.piratesjustar.ahoy": {
      "version": "0.0.35",
      "resolved": "https://registry.npmjs.org/com.piratesjustar.ahoy/-/com.piratesjustar.ahoy-0.0.35.tgz",
      "integrity": "sha512-kTZWNpajjNf1DjxX6T710U/SsVp66RaX1o0eBhGKl6u09sUPzro4nMjrvuK7V3ZVnJDJChUCN4QDfcDjni7ayg=="
    },
    "com.piratesjustar.ahoy.entities": {
      "version": "0.0.10",
      "resolved": "https://registry.npmjs.org/com.piratesjustar.ahoy.entities/-/com.piratesjustar.ahoy.entities-0.0.10.tgz",
      "integrity": "sha512-n9nePCzaWLnyAwHASHM/oQPBBJH9W5g5X2mK0wrz3I9pHzYm6B81a/T+2lp9EBZ+6bms8n4oYN/X5WWWlSWJIA==",
      "requires": {
        "com.piratesjustar.ahoy": "0.0.35"
      }
    },
    "com.piratesjustar.ahoy.net": {
      "version": "0.0.1",
      "resolved": "https://registry.npmjs.org/com.piratesjustar.ahoy.net/-/com.piratesjustar.ahoy.net-0.0.1.tgz",
      "integrity": "sha512-pVP4SuP0n8xwVMcnGb+TsXUm6Kl5s+6gzAuDoDZ1pYqpregblSb9Mb9HazL5U4QDLmjUGdkp1CYB07eRGVh8Ww==",
      "requires": {
        "com.piratesjustar.ahoy": "0.0.35",
        "com.piratesjustar.ahoy.entities": "0.0.10"
      }
    }
  }
}
