{
  "name": "Assets",
  "version": "1.0.0",
  "lockfileVersion": 1,
  "requires": true,
  "dependencies": {
    "com.piratesjustar.ahoy": {
      "version": "0.0.50",
      "resolved": "https://registry.npmjs.org/com.piratesjustar.ahoy/-/com.piratesjustar.ahoy-0.0.50.tgz",
      "integrity": "sha512-J7k+5w3amd2haVumOrwl1fT47lScH0KsX+4vXL30MRrQdtv3Xb+/q/zFq4VNCfTasDZPGWNnpUULtH1tUsucmw=="
    },
    "com.piratesjustar.ahoy.entities": {
      "version": "0.0.22",
      "resolved": "https://registry.npmjs.org/com.piratesjustar.ahoy.entities/-/com.piratesjustar.ahoy.entities-0.0.22.tgz",
      "integrity": "sha512-AriRs5vGcEN11NFqXFNo4TH11rMs//ZomxXjXHwqCk/qm0ERcKTAHl/s+meH+7oN8UqbbiX82ATIRDRCutey6w==",
      "requires": {
        "com.piratesjustar.ahoy": "0.0.49"
      },
      "dependencies": {
        "com.piratesjustar.ahoy": {
          "version": "0.0.49",
          "resolved": "https://registry.npmjs.org/com.piratesjustar.ahoy/-/com.piratesjustar.ahoy-0.0.49.tgz",
          "integrity": "sha512-QVgMhX8+Uns4URbjiLoA7/S58Y4+VXkgiRZKS5byPHKVD7dgCTigIKktX30yzxpameLpdXMoKjmzHPhHpEC5mQ=="
        }
      }
    },
    "com.piratesjustar.ahoy.net": {
      "version": "0.0.17",
      "resolved": "https://registry.npmjs.org/com.piratesjustar.ahoy.net/-/com.piratesjustar.ahoy.net-0.0.17.tgz",
      "integrity": "sha512-Sp7+C4OxiVJ4zthVitf1cWbJvE5ixAV2XKuNmEEav4XCrSO3oVyMbGDZ61O8s/jph142dnQIf0aEkfuESGgo6w==",
      "requires": {
        "com.piratesjustar.ahoy": "0.0.50",
        "com.piratesjustar.ahoy.entities": "0.0.22"
      }
    }
  }
}
