# THIS IS AN AUTOGENERATED FILE. DO NOT EDIT THIS FILE DIRECTLY.
# yarn lockfile v1


"assemblyscript@^0.18.0":
  "integrity" "sha512-a0zJlb4xgEtxdadrrIP9MuLmQuRE6ZVzXPi2RZoVG6zgz+nLYLt1mkiP/TbJRY+4wvf1peTCZok+vyRAxFjppQ=="
  "resolved" "https://registry.npmjs.org/assemblyscript/-/assemblyscript-0.18.12.tgz"
  "version" "0.18.12"
  dependencies:
    "binaryen" "98.0.0-nightly.20210106"
    "long" "^4.0.0"

"binaryen@98.0.0-nightly.20210106":
  "integrity" "sha512-iunAgesqT9PXVYCc72FA4h0sCCKLifruT6NuUH63xqlFJGpChhZLgOtyIb/fIgTibN5Pd692cxfBViyCWFsJ9Q=="
  "resolved" "https://registry.npmjs.org/binaryen/-/binaryen-98.0.0-nightly.20210106.tgz"
  "version" "98.0.0-nightly.20210106"

"long@^4.0.0":
  "integrity" "sha512-XsP+KhQif4bjX1kbuSiySJFNAehNxgLb6hPRGJ9QsUr8ajHkuXGdrHmFUTUUXhDwVX2R5bY4JNZEwbUiMhV+MA=="
  "resolved" "https://registry.npmjs.org/long/-/long-4.0.0.tgz"
  "version" "4.0.0"
